// !$*UTF8*$!
{
	archiveVersion = 1;
	classes = {
	};
	objectVersion = 46;
	objects = {

/* Begin PBXBuildFile section */
		C10679DA1E6228AA00011F30 /* AppDelegate.swift in Sources */ = {isa = PBXBuildFile; fileRef = C10679D91E6228AA00011F30 /* AppDelegate.swift */; };
		C10679DC1E6228AA00011F30 /* ViewController.swift in Sources */ = {isa = PBXBuildFile; fileRef = C10679DB1E6228AA00011F30 /* ViewController.swift */; };
		C10679DF1E6228AA00011F30 /* Main.storyboard in Resources */ = {isa = PBXBuildFile; fileRef = C10679DD1E6228AA00011F30 /* Main.storyboard */; };
		C10679E11E6228AA00011F30 /* Assets.xcassets in Resources */ = {isa = PBXBuildFile; fileRef = C10679E01E6228AA00011F30 /* Assets.xcassets */; };
		C10679E41E6228AA00011F30 /* LaunchScreen.storyboard in Resources */ = {isa = PBXBuildFile; fileRef = C10679E21E6228AA00011F30 /* LaunchScreen.storyboard */; };
/* End PBXBuildFile section */

/* Begin PBXFileReference section */
		C10679D61E6228AA00011F30 /* Location Messenger.app */ = {isa = PBXFileReference; explicitFileType = wrapper.application; includeInIndex = 0; path = "Location Messenger.app"; sourceTree = BUILT_PRODUCTS_DIR; };
		C10679D91E6228AA00011F30 /* AppDelegate.swift */ = {isa = PBXFileReference; lastKnownFileType = sourcecode.swift; path = AppDelegate.swift; sourceTree = "<group>"; };
		C10679DB1E6228AA00011F30 /* ViewController.swift */ = {isa = PBXFileReference; lastKnownFileType = sourcecode.swift; path = ViewController.swift; sourceTree = "<group>"; };
		C10679DE1E6228AA00011F30 /* Base */ = {isa = PBXFileReference; lastKnownFileType = file.storyboard; name = Base; path = Base.lproj/Main.storyboard; sourceTree = "<group>"; };
		C10679E01E6228AA00011F30 /* Assets.xcassets */ = {isa = PBXFileReference; lastKnownFileType = folder.assetcatalog; path = Assets.xcassets; sourceTree = "<group>"; };
		C10679E31E6228AA00011F30 /* Base */ = {isa = PBXFileReference; lastKnownFileType = file.storyboard; name = Base; path = Base.lproj/LaunchScreen.storyboard; sourceTree = "<group>"; };
		C10679E51E6228AA00011F30 /* Info.plist */ = {isa = PBXFileReference; lastKnownFileType = text.plist.xml; path = Info.plist; sourceTree = "<group>"; };
/* End PBXFileReference section */

/* Begin PBXFrameworksBuildPhase section */
		C10679D31E6228AA00011F30 /* Frameworks */ = {
			isa = PBXFrameworksBuildPhase;
			buildActionMask = 2147483647;
			files = (
			);
			runOnlyForDeploymentPostprocessing = 0;
		};
/* End PBXFrameworksBuildPhase section */

/* Begin PBXGroup section */
		C10679CD1E6228AA00011F30 = {
			isa = PBXGroup;
			children = (
				C10679D81E6228AA00011F30 /* Location Messenger */,
				C10679D71E6228AA00011F30 /* Products */,
			);
			sourceTree = "<group>";
		};
		C10679D71E6228AA00011F30 /* Products */ = {
			isa = PBXGroup;
			children = (
				C10679D61E6228AA00011F30 /* Location Messenger.app */,
			);
			name = Products;
			sourceTree = "<group>";
		};
		C10679D81E6228AA00011F30 /* Location Messenger */ = {
			isa = PBXGroup;
			children = (
				C10679D91E6228AA00011F30 /* AppDelegate.swift */,
				C10679DB1E6228AA00011F30 /* ViewController.swift */,
				C10679DD1E6228AA00011F30 /* Main.storyboard */,
				C10679E01E6228AA00011F30 /* Assets.xcassets */,
				C10679E21E6228AA00011F30 /* LaunchScreen.storyboard */,
				C10679E51E6228AA00011F30 /* Info.plist */,
			);
			path = "Location Messenger";
			sourceTree = "<group>";
		};
/* End PBXGroup section */

/* Begin PBXNativeTarget section */
		C10679D51E6228AA00011F30 /* Location Messenger */ = {
			isa = PBXNativeTarget;
			buildConfigurationList = C10679E81E6228AA00011F30 /* Build configuration list for PBXNativeTarget "Location Messenger" */;
			buildPhases = (
				C10679D21E6228AA00011F30 /* Sources */,
				C10679D31E6228AA00011F30 /* Frameworks */,
				C10679D41E6228AA00011F30 /* Resources */,
			);
			buildRules = (
			);
			dependencies = (
			);
			name = "Location Messenger";
			productName = "Location Messenger";
			productReference = C10679D61E6228AA00011F30 /* Location Messenger.app */;
			productType = "com.apple.product-type.application";
		};
/* End PBXNativeTarget section */

/* Begin PBXProject section */
		C10679CE1E6228AA00011F30 /* Project object */ = {
			isa = PBXProject;
			attributes = {
				LastSwiftUpdateCheck = 0820;
				LastUpgradeCheck = 0820;
				ORGANIZATIONNAME = "Ryan Tanner";
				TargetAttributes = {
					C10679D51E6228AA00011F30 = {
						CreatedOnToolsVersion = 8.2.1;
						ProvisioningStyle = Automatic;
					};
				};
			};
			buildConfigurationList = C10679D11E6228AA00011F30 /* Build configuration list for PBXProject "Location Messenger" */;
			compatibilityVersion = "Xcode 3.2";
			developmentRegion = English;
			hasScannedForEncodings = 0;
			knownRegions = (
				en,
				Base,
			);
			mainGroup = C10679CD1E6228AA00011F30;
			productRefGroup = C10679D71E6228AA00011F30 /* Products */;
			projectDirPath = "";
			projectRoot = "";
			targets = (
				C10679D51E6228AA00011F30 /* Location Messenger */,
			);
		};
/* End PBXProject section */

/* Begin PBXResourcesBuildPhase section */
		C10679D41E6228AA00011F30 /* Resources */ = {
			isa = PBXResourcesBuildPhase;
			buildActionMask = 2147483647;
			files = (
				C10679E41E6228AA00011F30 /* LaunchScreen.storyboard in Resources */,
				C10679E11E6228AA00011F30 /* Assets.xcassets in Resources */,
				C10679DF1E6228AA00011F30 /* Main.storyboard in Resources */,
			);
			runOnlyForDeploymentPostprocessing = 0;
		};
/* End PBXResourcesBuildPhase section */

/* Begin PBXSourcesBuildPhase section */
		C10679D21E6228AA00011F30 /* Sources */ = {
			isa = PBXSourcesBuildPhase;
			buildActionMask = 2147483647;
			files = (
				C10679DC1E6228AA00011F30 /* ViewController.swift in Sources */,
				C10679DA1E6228AA00011F30 /* AppDelegate.swift in Sources */,
			);
			runOnlyForDeploymentPostprocessing = 0;
		};
/* End PBXSourcesBuildPhase section */

/* Begin PBXVariantGroup section */
		C10679DD1E6228AA00011F30 /* Main.storyboard */ = {
			isa = PBXVariantGroup;
			children = (
				C10679DE1E6228AA00011F30 /* Base */,
			);
			name = Main.storyboard;
			sourceTree = "<group>";
		};
		C10679E21E6228AA00011F30 /* LaunchScreen.storyboard */ = {
			isa = PBXVariantGroup;
			children = (
				C10679E31E6228AA00011F30 /* Base */,
			);
			name = LaunchScreen.storyboard;
			sourceTree = "<group>";
		};
/* End PBXVariantGroup section */

/* Begin XCBuildConfiguration section */
		C10679E61E6228AA00011F30 /* Debug */ = {
			isa = XCBuildConfiguration;
			buildSettings = {
				ALWAYS_SEARCH_USER_PATHS = NO;
				CLANG_ANALYZER_NONNULL = YES;
				CLANG_CXX_LANGUAGE_STANDARD = "gnu++0x";
				CLANG_CXX_LIBRARY = "libc++";
				CLANG_ENABLE_MODULES = YES;
				CLANG_ENABLE_OBJC_ARC = YES;
				CLANG_WARN_BOOL_CONVERSION = YES;
				CLANG_WARN_CONSTANT_CONVERSION = YES;
				CLANG_WARN_DIRECT_OBJC_ISA_USAGE = YES_ERROR;
				CLANG_WARN_DOCUMENTATION_COMMENTS = YES;
				CLANG_WARN_EMPTY_BODY = YES;
				CLANG_WARN_ENUM_CONVERSION = YES;
				CLANG_WARN_INFINITE_RECURSION = YES;
				CLANG_WARN_INT_CONVERSION = YES;
				CLANG_WARN_OBJC_ROOT_CLASS = YES_ERROR;
				CLANG_WARN_SUSPICIOUS_MOVE = YES;
				CLANG_WARN_UNREACHABLE_CODE = YES;
				CLANG_WARN__DUPLICATE_METHOD_MATCH = YES;
				"CODE_SIGN_IDENTITY[sdk=iphoneos*]" = "iPhone Developer";
				COPY_PHASE_STRIP = NO;
				DEBUG_INFORMATION_FORMAT = dwarf;
				ENABLE_STRICT_OBJC_MSGSEND = YES;
				ENABLE_TESTABILITY = YES;
				GCC_C_LANGUAGE_STANDARD = gnu99;
				GCC_DYNAMIC_NO_PIC = NO;
				GCC_NO_COMMON_BLOCKS = YES;
				GCC_OPTIMIZATION_LEVEL = 0;
				GCC_PREPROCESSOR_DEFINITIONS = (
					"DEBUG=1",
					"$(inherited)",
				);
				GCC_WARN_64_TO_32_BIT_CONVERSION = YES;
				GCC_WARN_ABOUT_RETURN_TYPE = YES_ERROR;
				GCC_WARN_UNDECLARED_SELECTOR = YES;
				GCC_WARN_UNINITIALIZED_AUTOS = YES_AGGRESSIVE;
				GCC_WARN_UNUSED_FUNCTION = YES;
				GCC_WARN_UNUSED_VARIABLE = YES;
				IPHONEOS_DEPLOYMENT_TARGET = 10.2;
				MTL_ENABLE_DEBUG_INFO = YES;
				ONLY_ACTIVE_ARCH = YES;
				SDKROOT = iphoneos;
				SWIFT_ACTIVE_COMPILATION_CONDITIONS = DEBUG;
				SWIFT_OPTIMIZATION_LEVEL = "-Onone";
			};
			name = Debug;
		};
		C10679E71E6228AA00011F30 /* Release */ = {
			isa = XCBuildConfiguration;
			buildSettings = {
				ALWAYS_SEARCH_USER_PATHS = NO;
				CLANG_ANALYZER_NONNULL = YES;
				CLANG_CXX_LANGUAGE_STANDARD = "gnu++0x";
				CLANG_CXX_LIBRARY = "libc++";
				CLANG_ENABLE_MODULES = YES;
				CLANG_ENABLE_OBJC_ARC = YES;
				CLANG_WARN_BOOL_CONVERSION = YES;
				CLANG_WARN_CONSTANT_CONVERSION = YES;
				CLANG_WARN_DIRECT_OBJC_ISA_USAGE = YES_ERROR;
				CLANG_WARN_DOCUMENTATION_COMMENTS = YES;
				CLANG_WARN_EMPTY_BODY = YES;
				CLANG_WARN_ENUM_CONVERSION = YES;
				CLANG_WARN_INFINITE_RECURSION = YES;
				CLANG_WARN_INT_CONVERSION = YES;
				CLANG_WARN_OBJC_ROOT_CLASS = YES_ERROR;
				CLANG_WARN_SUSPICIOUS_MOVE = YES;
				CLANG_WARN_UNREACHABLE_CODE = YES;
				CLANG_WARN__DUPLICATE_METHOD_MATCH = YES;
				"CODE_SIGN_IDENTITY[sdk=iphoneos*]" = "iPhone Developer";
				COPY_PHASE_STRIP = NO;
				DEBUG_INFORMATION_FORMAT = "dwarf-with-dsym";
				ENABLE_NS_ASSERTIONS = NO;
				ENABLE_STRICT_OBJC_MSGSEND = YES;
				GCC_C_LANGUAGE_STANDARD = gnu99;
				GCC_NO_COMMON_BLOCKS = YES;
				GCC_WARN_64_TO_32_BIT_CONVERSION = YES;
				GCC_WARN_ABOUT_RETURN_TYPE = YES_ERROR;
				GCC_WARN_UNDECLARED_SELECTOR = YES;
				GCC_WARN_UNINITIALIZED_AUTOS = YES_AGGRESSIVE;
				GCC_WARN_UNUSED_FUNCTION = YES;
				GCC_WARN_UNUSED_VARIABLE = YES;
				IPHONEOS_DEPLOYMENT_TARGET = 10.2;
				MTL_ENABLE_DEBUG_INFO = NO;
				SDKROOT = iphoneos;
				SWIFT_OPTIMIZATION_LEVEL = "-Owholemodule";
				VALIDATE_PRODUCT = YES;
			};
			name = Release;
		};
		C10679E91E6228AA00011F30 /* Debug */ = {
			isa = XCBuildConfiguration;
			buildSettings = {
				ASSETCATALOG_COMPILER_APPICON_NAME = AppIcon;
				INFOPLIST_FILE = "Location Messenger/Info.plist";
				LD_RUNPATH_SEARCH_PATHS = "$(inherited) @executable_path/Frameworks";
				PRODUCT_BUNDLE_IDENTIFIER = "com.ryantanner.Location-Messenger";
				PRODUCT_NAME = "$(TARGET_NAME)";
				SWIFT_VERSION = 3.0;
			};
			name = Debug;
		};
		C10679EA1E6228AA00011F30 /* Release */ = {
			isa = XCBuildConfiguration;
			buildSettings = {
				ASSETCATALOG_COMPILER_APPICON_NAME = AppIcon;
				INFOPLIST_FILE = "Location Messenger/Info.plist";
				LD_RUNPATH_SEARCH_PATHS = "$(inherited) @executable_path/Frameworks";
				PRODUCT_BUNDLE_IDENTIFIER = "com.ryantanner.Location-Messenger";
				PRODUCT_NAME = "$(TARGET_NAME)";
				SWIFT_VERSION = 3.0;
			};
			name = Release;
		};
/* End XCBuildConfiguration section */

/* Begin XCConfigurationList section */
		C10679D11E6228AA00011F30 /* Build configuration list for PBXProject "Location Messenger" */ = {
			isa = XCConfigurationList;
			buildConfigurations = (
				C10679E61E6228AA00011F30 /* Debug */,
				C10679E71E6228AA00011F30 /* Release */,
			);
			defaultConfigurationIsVisible = 0;
			defaultConfigurationName = Release;
		};
		C10679E81E6228AA00011F30 /* Build configuration list for PBXNativeTarget "Location Messenger" */ = {
			isa = XCConfigurationList;
			buildConfigurations = (
				C10679E91E6228AA00011F30 /* Debug */,
				C10679EA1E6228AA00011F30 /* Release */,
			);
			defaultConfigurationIsVisible = 0;
		};
/* End XCConfigurationList section */
	};
	rootObject = C10679CE1E6228AA00011F30 /* Project object */;
}
